Microsoft Visual Studio Solution File, Format Version 12.00
# Visual Studio Version 17
VisualStudioVersion = 17.5.2.0
MinimumVisualStudioVersion = 10.0.40219.1
Project("{FAE04EC0-301F-11D3-BF4B-00C04F79EFBC}") = "CsPlaywrightApi", "CsPlaywrightApi.csproj", "{D77C6F76-1A89-EBCF-FD87-7E33139A2EBD}"
EndProject
Global
	GlobalSection(SolutionConfigurationPlatforms) = preSolution
		Debug|Any CPU = Debug|Any CPU
		Release|Any CPU = Release|Any CPU
	EndGlobalSection
	GlobalSection(ProjectConfigurationPlatforms) = postSolution
		{D77C6F76-1A89-EBCF-FD87-7E33139A2EBD}.Debug|Any CPU.ActiveCfg = Debug|Any CPU
		{D77C6F76-1A89-EBCF-FD87-7E33139A2EBD}.Debug|Any CPU.Build.0 = Debug|Any CPU
		{D77C6F76-1A89-EBCF-FD87-7E33139A2EBD}.Release|Any CPU.ActiveCfg = Release|Any CPU
		{D77C6F76-1A89-EBCF-FD87-7E33139A2EBD}.Release|Any CPU.Build.0 = Release|Any CPU
	EndGlobalSection
	GlobalSection(SolutionProperties) = preSolution
		HideSolutionNode = FALSE
	EndGlobalSection
	GlobalSection(ExtensibilityGlobals) = postSolution
		SolutionGuid = {8C4F84ED-4BEC-4829-9237-1A21D2F55AE3}
	EndGlobalSection
EndGlobal
